
Microsoft Visual Studio Solution File, Format Version 12.00
# Visual Studio Version 16
VisualStudioVersion = 16.0.31220.234
MinimumVisualStudioVersion = 10.0.40219.1
Project("{888888A0-9F3D-457C-B088-3A5042F75D52}") = "def01", "def01\def01.pyproj", "{4FA59908-0C29-41F5-A09D-8CECB95F3ED6}"
EndProject
Global
	GlobalSection(SolutionConfigurationPlatforms) = preSolution
		Debug|Any CPU = Debug|Any CPU
		Release|Any CPU = Release|Any CPU
	EndGlobalSection
	GlobalSection(ProjectConfigurationPlatforms) = postSolution
		{4FA59908-0C29-41F5-A09D-8CECB95F3ED6}.Debug|Any CPU.ActiveCfg = Debug|Any CPU
		{4FA59908-0C29-41F5-A09D-8CECB95F3ED6}.Release|Any CPU.ActiveCfg = Release|Any CPU
	EndGlobalSection
	GlobalSection(SolutionProperties) = preSolution
		HideSolutionNode = FALSE
	EndGlobalSection
	GlobalSection(ExtensibilityGlobals) = postSolution
		SolutionGuid = {AC8FE95F-0A0B-453C-AA82-FE3794DD8375}
	EndGlobalSection
EndGlobal
