
Microsoft Visual Studio Solution File, Format Version 12.00
# Visual Studio Version 16
VisualStudioVersion = 16.0.31220.234
MinimumVisualStudioVersion = 10.0.40219.1
Project("{888888A0-9F3D-457C-B088-3A5042F75D52}") = "class01", "class01\class01.pyproj", "{8D10DCF6-6E2E-48B8-A0DD-0B45CF42E1EF}"
EndProject
Global
	GlobalSection(SolutionConfigurationPlatforms) = preSolution
		Debug|Any CPU = Debug|Any CPU
		Release|Any CPU = Release|Any CPU
	EndGlobalSection
	GlobalSection(ProjectConfigurationPlatforms) = postSolution
		{8D10DCF6-6E2E-48B8-A0DD-0B45CF42E1EF}.Debug|Any CPU.ActiveCfg = Debug|Any CPU
		{8D10DCF6-6E2E-48B8-A0DD-0B45CF42E1EF}.Release|Any CPU.ActiveCfg = Release|Any CPU
	EndGlobalSection
	GlobalSection(SolutionProperties) = preSolution
		HideSolutionNode = FALSE
	EndGlobalSection
	GlobalSection(ExtensibilityGlobals) = postSolution
		SolutionGuid = {750D77B2-CD69-4699-B16F-957FA2BA9C37}
	EndGlobalSection
EndGlobal
