
Microsoft Visual Studio Solution File, Format Version 12.00
# Visual Studio Version 16
VisualStudioVersion = 16.0.31220.234
MinimumVisualStudioVersion = 10.0.40219.1
Project("{888888A0-9F3D-457C-B088-3A5042F75D52}") = "210705_001", "210705_001\210705_001.pyproj", "{9C82C6A2-951C-498C-B2E5-F29211EB7FAA}"
EndProject
Global
	GlobalSection(SolutionConfigurationPlatforms) = preSolution
		Debug|Any CPU = Debug|Any CPU
		Release|Any CPU = Release|Any CPU
	EndGlobalSection
	GlobalSection(ProjectConfigurationPlatforms) = postSolution
		{9C82C6A2-951C-498C-B2E5-F29211EB7FAA}.Debug|Any CPU.ActiveCfg = Debug|Any CPU
		{9C82C6A2-951C-498C-B2E5-F29211EB7FAA}.Release|Any CPU.ActiveCfg = Release|Any CPU
	EndGlobalSection
	GlobalSection(SolutionProperties) = preSolution
		HideSolutionNode = FALSE
	EndGlobalSection
	GlobalSection(ExtensibilityGlobals) = postSolution
		SolutionGuid = {1065345F-3D0A-4C98-AA9E-741525C3167B}
	EndGlobalSection
EndGlobal
