
Microsoft Visual Studio Solution File, Format Version 12.00
# Visual Studio Version 16
VisualStudioVersion = 16.0.31220.234
MinimumVisualStudioVersion = 10.0.40219.1
Project("{888888A0-9F3D-457C-B088-3A5042F75D52}") = "tuple01", "210705_005\tuple01.pyproj", "{A05D4C34-174B-46B8-AA83-50F955B9A617}"
EndProject
Global
	GlobalSection(SolutionConfigurationPlatforms) = preSolution
		Debug|Any CPU = Debug|Any CPU
		Release|Any CPU = Release|Any CPU
	EndGlobalSection
	GlobalSection(ProjectConfigurationPlatforms) = postSolution
		{A05D4C34-174B-46B8-AA83-50F955B9A617}.Debug|Any CPU.ActiveCfg = Debug|Any CPU
		{A05D4C34-174B-46B8-AA83-50F955B9A617}.Release|Any CPU.ActiveCfg = Release|Any CPU
	EndGlobalSection
	GlobalSection(SolutionProperties) = preSolution
		HideSolutionNode = FALSE
	EndGlobalSection
	GlobalSection(ExtensibilityGlobals) = postSolution
		SolutionGuid = {50BF36C3-45F7-424A-806F-C12C62BD4D07}
	EndGlobalSection
EndGlobal
