
Microsoft Visual Studio Solution File, Format Version 12.00
# Visual Studio Version 16
VisualStudioVersion = 16.0.31220.234
MinimumVisualStudioVersion = 10.0.40219.1
Project("{888888A0-9F3D-457C-B088-3A5042F75D52}") = "list05", "210705_003\list05.pyproj", "{BA1B52AC-8AD2-4896-9586-B9169B843635}"
EndProject
Global
	GlobalSection(SolutionConfigurationPlatforms) = preSolution
		Debug|Any CPU = Debug|Any CPU
		Release|Any CPU = Release|Any CPU
	EndGlobalSection
	GlobalSection(ProjectConfigurationPlatforms) = postSolution
		{BA1B52AC-8AD2-4896-9586-B9169B843635}.Debug|Any CPU.ActiveCfg = Debug|Any CPU
		{BA1B52AC-8AD2-4896-9586-B9169B843635}.Release|Any CPU.ActiveCfg = Release|Any CPU
	EndGlobalSection
	GlobalSection(SolutionProperties) = preSolution
		HideSolutionNode = FALSE
	EndGlobalSection
	GlobalSection(ExtensibilityGlobals) = postSolution
		SolutionGuid = {CF06E03E-A179-42E9-9537-1733391C4271}
	EndGlobalSection
EndGlobal
