
Microsoft Visual Studio Solution File, Format Version 12.00
# Visual Studio Version 16
VisualStudioVersion = 16.0.31220.234
MinimumVisualStudioVersion = 10.0.40219.1
Project("{888888A0-9F3D-457C-B088-3A5042F75D52}") = "range01", "PythonApplication1\range01.pyproj", "{DA616C3A-CB84-4394-9C03-580704A66A1E}"
EndProject
Global
	GlobalSection(SolutionConfigurationPlatforms) = preSolution
		Debug|Any CPU = Debug|Any CPU
		Release|Any CPU = Release|Any CPU
	EndGlobalSection
	GlobalSection(ProjectConfigurationPlatforms) = postSolution
		{DA616C3A-CB84-4394-9C03-580704A66A1E}.Debug|Any CPU.ActiveCfg = Debug|Any CPU
		{DA616C3A-CB84-4394-9C03-580704A66A1E}.Release|Any CPU.ActiveCfg = Release|Any CPU
	EndGlobalSection
	GlobalSection(SolutionProperties) = preSolution
		HideSolutionNode = FALSE
	EndGlobalSection
	GlobalSection(ExtensibilityGlobals) = postSolution
		SolutionGuid = {7C92035D-E19B-4D9F-8D07-43934AFB7435}
	EndGlobalSection
EndGlobal
