
Microsoft Visual Studio Solution File, Format Version 12.00
# Visual Studio Version 16
VisualStudioVersion = 16.0.31220.234
MinimumVisualStudioVersion = 10.0.40219.1
Project("{888888A0-9F3D-457C-B088-3A5042F75D52}") = "list06", "210705_004\list06.pyproj", "{D1AAB01B-DCE5-4F08-A5FE-4550313CBBAE}"
EndProject
Global
	GlobalSection(SolutionConfigurationPlatforms) = preSolution
		Debug|Any CPU = Debug|Any CPU
		Release|Any CPU = Release|Any CPU
	EndGlobalSection
	GlobalSection(ProjectConfigurationPlatforms) = postSolution
		{D1AAB01B-DCE5-4F08-A5FE-4550313CBBAE}.Debug|Any CPU.ActiveCfg = Debug|Any CPU
		{D1AAB01B-DCE5-4F08-A5FE-4550313CBBAE}.Release|Any CPU.ActiveCfg = Release|Any CPU
	EndGlobalSection
	GlobalSection(SolutionProperties) = preSolution
		HideSolutionNode = FALSE
	EndGlobalSection
	GlobalSection(ExtensibilityGlobals) = postSolution
		SolutionGuid = {AF426C6D-1329-4A04-89DB-547D04247722}
	EndGlobalSection
EndGlobal
