
Microsoft Visual Studio Solution File, Format Version 12.00
# Visual Studio Version 16
VisualStudioVersion = 16.0.31220.234
MinimumVisualStudioVersion = 10.0.40219.1
Project("{888888A0-9F3D-457C-B088-3A5042F75D52}") = "210702_001", "210702_001\210702_001.pyproj", "{3B9135D9-4C12-4112-9D39-E0DBD0B35F11}"
EndProject
Global
	GlobalSection(SolutionConfigurationPlatforms) = preSolution
		Debug|Any CPU = Debug|Any CPU
		Release|Any CPU = Release|Any CPU
	EndGlobalSection
	GlobalSection(ProjectConfigurationPlatforms) = postSolution
		{3B9135D9-4C12-4112-9D39-E0DBD0B35F11}.Debug|Any CPU.ActiveCfg = Debug|Any CPU
		{3B9135D9-4C12-4112-9D39-E0DBD0B35F11}.Release|Any CPU.ActiveCfg = Release|Any CPU
	EndGlobalSection
	GlobalSection(SolutionProperties) = preSolution
		HideSolutionNode = FALSE
	EndGlobalSection
	GlobalSection(ExtensibilityGlobals) = postSolution
		SolutionGuid = {0F52216F-567B-4396-B52A-744DB83924D2}
	EndGlobalSection
EndGlobal
